
Microsoft Visual Studio Solution File, Format Version 12.00
# Visual Studio Version 17
VisualStudioVersion = 17.0.31903.59
MinimumVisualStudioVersion = 10.0.40219.1
Project("{2150E333-8FDC-42A3-9474-1A3956D46DE8}") = "Shared", "Shared", "{4F03C436-03D0-4641-AD45-A4777D3EF77A}"
EndProject
Project("{FAE04EC0-301F-11D3-BF4B-00C04F79EFBC}") = "Shared.Contracts", "Shared\Contracts\Shared.Contracts.csproj", "{3A0B05DD-A443-4C9E-A585-E86E11E49B15}"
EndProject
Project("{FAE04EC0-301F-11D3-BF4B-00C04F79EFBC}") = "Shared.Domain", "Shared\Domain\Shared.Domain.csproj", "{9EE36DBE-CCE5-454E-8526-34DB1167961D}"
EndProject
Project("{FAE04EC0-301F-11D3-BF4B-00C04F79EFBC}") = "Shared.Authentication", "Shared\Authentication\Shared.Authentication.csproj", "{A7F9D3CC-2139-410B-AF3A-44F056F43317}"
EndProject
Project("{2150E333-8FDC-42A3-9474-1A3956D46DE8}") = "services", "services", "{4B421E02-34B5-466E-8CCE-9AF3AF4CA6FE}"
EndProject
Project("{2150E333-8FDC-42A3-9474-1A3956D46DE8}") = "UserService", "UserService", "{950FBFAD-66A1-4C85-9FE5-66C601BF2531}"
EndProject
Project("{FAE04EC0-301F-11D3-BF4B-00C04F79EFBC}") = "UserService.Application", "services\UserService\UserService.Application\UserService.Application.csproj", "{6CB0BA19-0204-4EDF-92A9-C28A79599EF3}"
EndProject
Project("{FAE04EC0-301F-11D3-BF4B-00C04F79EFBC}") = "UserService.Domain", "services\UserService\UserService.Domain\UserService.Domain.csproj", "{65112546-EDD7-422E-AF63-9131FA2C8BE9}"
EndProject
Project("{FAE04EC0-301F-11D3-BF4B-00C04F79EFBC}") = "UserService.Infrastructure", "services\UserService\UserService.Infrastructure\UserService.Infrastructure.csproj", "{0F1F1926-F8ED-4DCF-AB01-F515364ED73C}"
EndProject
Project("{FAE04EC0-301F-11D3-BF4B-00C04F79EFBC}") = "UserService.API", "services\UserService\UserService.API\UserService.API.csproj", "{1CB90ABA-A92B-440D-A8BC-1CB2F71A43F5}"
EndProject
Project("{2150E333-8FDC-42A3-9474-1A3956D46DE8}") = "CategoryService", "CategoryService", "{2570FFEF-D026-49B6-897A-F2B62238C1D0}"
EndProject
Project("{FAE04EC0-301F-11D3-BF4B-00C04F79EFBC}") = "CategoryService.API", "services\CategoryService\CategoryService.API\CategoryService.API.csproj", "{2D4A1DE2-56B1-4860-B64B-6847CF113107}"
EndProject
Project("{FAE04EC0-301F-11D3-BF4B-00C04F79EFBC}") = "CategoryService.Application", "services\CategoryService\CategoryService.Application\CategoryService.Application.csproj", "{7A080545-691B-4574-9102-D10383B00494}"
EndProject
Project("{FAE04EC0-301F-11D3-BF4B-00C04F79EFBC}") = "CategoryService.Domain", "services\CategoryService\CategoryService.Domain\CategoryService.Domain.csproj", "{F7CFDB95-F8AA-4827-A09A-F914AB169E98}"
EndProject
Project("{FAE04EC0-301F-11D3-BF4B-00C04F79EFBC}") = "CategoryService.Infrastructure", "services\CategoryService\CategoryService.Infrastructure\CategoryService.Infrastructure.csproj", "{2B73D573-49C4-4B2A-A2D1-2EE36B4135D4}"
EndProject
Project("{2150E333-8FDC-42A3-9474-1A3956D46DE8}") = "OrderService", "OrderService", "{9849EA1D-09D3-471E-93E3-71AA97826126}"
EndProject
Project("{FAE04EC0-301F-11D3-BF4B-00C04F79EFBC}") = "OrderService.API", "services\OrderService\OrderService.API\OrderService.API.csproj", "{8FE40639-EAE8-47E8-A784-C8EC8F08BED7}"
EndProject
Project("{FAE04EC0-301F-11D3-BF4B-00C04F79EFBC}") = "OrderService.Application", "services\OrderService\OrderService.Application\OrderService.Application.csproj", "{3FD786BA-4083-4398-BECE-96A8311FD22F}"
EndProject
Project("{FAE04EC0-301F-11D3-BF4B-00C04F79EFBC}") = "OrderService.Domain", "services\OrderService\OrderService.Domain\OrderService.Domain.csproj", "{42443A64-856F-4CA0-95AE-50C8455AACE0}"
EndProject
Project("{FAE04EC0-301F-11D3-BF4B-00C04F79EFBC}") = "OrderService.Infrastructure", "services\OrderService\OrderService.Infrastructure\OrderService.Infrastructure.csproj", "{CF5AB9EA-C804-48AE-AA91-F42FE49FB6C2}"
EndProject
Project("{2150E333-8FDC-42A3-9474-1A3956D46DE8}") = "RentalService", "RentalService", "{BDE6494D-DBB5-4E76-A384-ED7F8F2E7FEA}"
EndProject
Project("{FAE04EC0-301F-11D3-BF4B-00C04F79EFBC}") = "RentalService.API", "services\RentalService\RentalService.API\RentalService.API.csproj", "{1D2630FF-9E08-47A3-B335-A63940E7A30F}"
EndProject
Project("{FAE04EC0-301F-11D3-BF4B-00C04F79EFBC}") = "RentalService.Application", "services\RentalService\RentalService.Application\RentalService.Application.csproj", "{20ACF0AF-C3A5-4DAF-88B5-0FC4E0C65E66}"
EndProject
Project("{FAE04EC0-301F-11D3-BF4B-00C04F79EFBC}") = "RentalService.Domain", "services\RentalService\RentalService.Domain\RentalService.Domain.csproj", "{E1F1423D-0F88-4DAE-B10F-0B064684C749}"
EndProject
Project("{FAE04EC0-301F-11D3-BF4B-00C04F79EFBC}") = "RentalService.Infrastructure", "services\RentalService\RentalService.Infrastructure\RentalService.Infrastructure.csproj", "{89DCFDB8-7C1E-4836-AA58-227F6E0B888C}"
EndProject
Project("{2150E333-8FDC-42A3-9474-1A3956D46DE8}") = "ProductService", "ProductService", "{1DBA8BE3-55EC-4097-839B-7688F6E37792}"
EndProject
Project("{FAE04EC0-301F-11D3-BF4B-00C04F79EFBC}") = "ProductService.API", "services\ProductService\ProductService.API\ProductService.API.csproj", "{7B40B74E-C99B-4271-AAA8-3DAEED6A5A9C}"
EndProject
Project("{FAE04EC0-301F-11D3-BF4B-00C04F79EFBC}") = "ProductService.Application", "services\ProductService\ProductService.Application\ProductService.Application.csproj", "{BC8D0A67-14EC-4346-9BF9-63616BA49A8A}"
EndProject
Project("{FAE04EC0-301F-11D3-BF4B-00C04F79EFBC}") = "ProductService.Domain", "services\ProductService\ProductService.Domain\ProductService.Domain.csproj", "{05D4B344-DB6F-456C-BDE2-80FFC5016EEC}"
EndProject
Project("{FAE04EC0-301F-11D3-BF4B-00C04F79EFBC}") = "ProductService.Infrastructure", "services\ProductService\ProductService.Infrastructure\ProductService.Infrastructure.csproj", "{EFEAD27B-AC71-4CBB-BA8F-8DA2D04E55AA}"
EndProject
Project("{FAE04EC0-301F-11D3-BF4B-00C04F79EFBC}") = "Shared", "Shared\Shared.csproj", "{D39FDF3F-859A-48DF-BFD7-E2447005D076}"
EndProject
Global
	GlobalSection(SolutionConfigurationPlatforms) = preSolution
		Debug|Any CPU = Debug|Any CPU
		Release|Any CPU = Release|Any CPU
	EndGlobalSection
	GlobalSection(SolutionProperties) = preSolution
		HideSolutionNode = FALSE
	EndGlobalSection
	GlobalSection(ProjectConfigurationPlatforms) = postSolution
		{3A0B05DD-A443-4C9E-A585-E86E11E49B15}.Debug|Any CPU.ActiveCfg = Debug|Any CPU
		{3A0B05DD-A443-4C9E-A585-E86E11E49B15}.Debug|Any CPU.Build.0 = Debug|Any CPU
		{3A0B05DD-A443-4C9E-A585-E86E11E49B15}.Release|Any CPU.ActiveCfg = Release|Any CPU
		{3A0B05DD-A443-4C9E-A585-E86E11E49B15}.Release|Any CPU.Build.0 = Release|Any CPU
		{9EE36DBE-CCE5-454E-8526-34DB1167961D}.Debug|Any CPU.ActiveCfg = Debug|Any CPU
		{9EE36DBE-CCE5-454E-8526-34DB1167961D}.Debug|Any CPU.Build.0 = Debug|Any CPU
		{9EE36DBE-CCE5-454E-8526-34DB1167961D}.Release|Any CPU.ActiveCfg = Release|Any CPU
		{9EE36DBE-CCE5-454E-8526-34DB1167961D}.Release|Any CPU.Build.0 = Release|Any CPU
		{A7F9D3CC-2139-410B-AF3A-44F056F43317}.Debug|Any CPU.ActiveCfg = Debug|Any CPU
		{A7F9D3CC-2139-410B-AF3A-44F056F43317}.Debug|Any CPU.Build.0 = Debug|Any CPU
		{A7F9D3CC-2139-410B-AF3A-44F056F43317}.Release|Any CPU.ActiveCfg = Release|Any CPU
		{A7F9D3CC-2139-410B-AF3A-44F056F43317}.Release|Any CPU.Build.0 = Release|Any CPU
		{6CB0BA19-0204-4EDF-92A9-C28A79599EF3}.Debug|Any CPU.ActiveCfg = Debug|Any CPU
		{6CB0BA19-0204-4EDF-92A9-C28A79599EF3}.Debug|Any CPU.Build.0 = Debug|Any CPU
		{6CB0BA19-0204-4EDF-92A9-C28A79599EF3}.Release|Any CPU.ActiveCfg = Release|Any CPU
		{6CB0BA19-0204-4EDF-92A9-C28A79599EF3}.Release|Any CPU.Build.0 = Release|Any CPU
		{65112546-EDD7-422E-AF63-9131FA2C8BE9}.Debug|Any CPU.ActiveCfg = Debug|Any CPU
		{65112546-EDD7-422E-AF63-9131FA2C8BE9}.Debug|Any CPU.Build.0 = Debug|Any CPU
		{65112546-EDD7-422E-AF63-9131FA2C8BE9}.Release|Any CPU.ActiveCfg = Release|Any CPU
		{65112546-EDD7-422E-AF63-9131FA2C8BE9}.Release|Any CPU.Build.0 = Release|Any CPU
		{0F1F1926-F8ED-4DCF-AB01-F515364ED73C}.Debug|Any CPU.ActiveCfg = Debug|Any CPU
		{0F1F1926-F8ED-4DCF-AB01-F515364ED73C}.Debug|Any CPU.Build.0 = Debug|Any CPU
		{0F1F1926-F8ED-4DCF-AB01-F515364ED73C}.Release|Any CPU.ActiveCfg = Release|Any CPU
		{0F1F1926-F8ED-4DCF-AB01-F515364ED73C}.Release|Any CPU.Build.0 = Release|Any CPU
		{1CB90ABA-A92B-440D-A8BC-1CB2F71A43F5}.Debug|Any CPU.ActiveCfg = Debug|Any CPU
		{1CB90ABA-A92B-440D-A8BC-1CB2F71A43F5}.Debug|Any CPU.Build.0 = Debug|Any CPU
		{1CB90ABA-A92B-440D-A8BC-1CB2F71A43F5}.Release|Any CPU.ActiveCfg = Release|Any CPU
		{1CB90ABA-A92B-440D-A8BC-1CB2F71A43F5}.Release|Any CPU.Build.0 = Release|Any CPU
		{2D4A1DE2-56B1-4860-B64B-6847CF113107}.Debug|Any CPU.ActiveCfg = Debug|Any CPU
		{2D4A1DE2-56B1-4860-B64B-6847CF113107}.Debug|Any CPU.Build.0 = Debug|Any CPU
		{2D4A1DE2-56B1-4860-B64B-6847CF113107}.Release|Any CPU.ActiveCfg = Release|Any CPU
		{2D4A1DE2-56B1-4860-B64B-6847CF113107}.Release|Any CPU.Build.0 = Release|Any CPU
		{7A080545-691B-4574-9102-D10383B00494}.Debug|Any CPU.ActiveCfg = Debug|Any CPU
		{7A080545-691B-4574-9102-D10383B00494}.Debug|Any CPU.Build.0 = Debug|Any CPU
		{7A080545-691B-4574-9102-D10383B00494}.Release|Any CPU.ActiveCfg = Release|Any CPU
		{7A080545-691B-4574-9102-D10383B00494}.Release|Any CPU.Build.0 = Release|Any CPU
		{F7CFDB95-F8AA-4827-A09A-F914AB169E98}.Debug|Any CPU.ActiveCfg = Debug|Any CPU
		{F7CFDB95-F8AA-4827-A09A-F914AB169E98}.Debug|Any CPU.Build.0 = Debug|Any CPU
		{F7CFDB95-F8AA-4827-A09A-F914AB169E98}.Release|Any CPU.ActiveCfg = Release|Any CPU
		{F7CFDB95-F8AA-4827-A09A-F914AB169E98}.Release|Any CPU.Build.0 = Release|Any CPU
		{2B73D573-49C4-4B2A-A2D1-2EE36B4135D4}.Debug|Any CPU.ActiveCfg = Debug|Any CPU
		{2B73D573-49C4-4B2A-A2D1-2EE36B4135D4}.Debug|Any CPU.Build.0 = Debug|Any CPU
		{2B73D573-49C4-4B2A-A2D1-2EE36B4135D4}.Release|Any CPU.ActiveCfg = Release|Any CPU
		{2B73D573-49C4-4B2A-A2D1-2EE36B4135D4}.Release|Any CPU.Build.0 = Release|Any CPU
		{8FE40639-EAE8-47E8-A784-C8EC8F08BED7}.Debug|Any CPU.ActiveCfg = Debug|Any CPU
		{8FE40639-EAE8-47E8-A784-C8EC8F08BED7}.Debug|Any CPU.Build.0 = Debug|Any CPU
		{8FE40639-EAE8-47E8-A784-C8EC8F08BED7}.Release|Any CPU.ActiveCfg = Release|Any CPU
		{8FE40639-EAE8-47E8-A784-C8EC8F08BED7}.Release|Any CPU.Build.0 = Release|Any CPU
		{3FD786BA-4083-4398-BECE-96A8311FD22F}.Debug|Any CPU.ActiveCfg = Debug|Any CPU
		{3FD786BA-4083-4398-BECE-96A8311FD22F}.Debug|Any CPU.Build.0 = Debug|Any CPU
		{3FD786BA-4083-4398-BECE-96A8311FD22F}.Release|Any CPU.ActiveCfg = Release|Any CPU
		{3FD786BA-4083-4398-BECE-96A8311FD22F}.Release|Any CPU.Build.0 = Release|Any CPU
		{42443A64-856F-4CA0-95AE-50C8455AACE0}.Debug|Any CPU.ActiveCfg = Debug|Any CPU
		{42443A64-856F-4CA0-95AE-50C8455AACE0}.Debug|Any CPU.Build.0 = Debug|Any CPU
		{42443A64-856F-4CA0-95AE-50C8455AACE0}.Release|Any CPU.ActiveCfg = Release|Any CPU
		{42443A64-856F-4CA0-95AE-50C8455AACE0}.Release|Any CPU.Build.0 = Release|Any CPU
		{CF5AB9EA-C804-48AE-AA91-F42FE49FB6C2}.Debug|Any CPU.ActiveCfg = Debug|Any CPU
		{CF5AB9EA-C804-48AE-AA91-F42FE49FB6C2}.Debug|Any CPU.Build.0 = Debug|Any CPU
		{CF5AB9EA-C804-48AE-AA91-F42FE49FB6C2}.Release|Any CPU.ActiveCfg = Release|Any CPU
		{CF5AB9EA-C804-48AE-AA91-F42FE49FB6C2}.Release|Any CPU.Build.0 = Release|Any CPU
		{1D2630FF-9E08-47A3-B335-A63940E7A30F}.Debug|Any CPU.ActiveCfg = Debug|Any CPU
		{1D2630FF-9E08-47A3-B335-A63940E7A30F}.Debug|Any CPU.Build.0 = Debug|Any CPU
		{1D2630FF-9E08-47A3-B335-A63940E7A30F}.Release|Any CPU.ActiveCfg = Release|Any CPU
		{1D2630FF-9E08-47A3-B335-A63940E7A30F}.Release|Any CPU.Build.0 = Release|Any CPU
		{20ACF0AF-C3A5-4DAF-88B5-0FC4E0C65E66}.Debug|Any CPU.ActiveCfg = Debug|Any CPU
		{20ACF0AF-C3A5-4DAF-88B5-0FC4E0C65E66}.Debug|Any CPU.Build.0 = Debug|Any CPU
		{20ACF0AF-C3A5-4DAF-88B5-0FC4E0C65E66}.Release|Any CPU.ActiveCfg = Release|Any CPU
		{20ACF0AF-C3A5-4DAF-88B5-0FC4E0C65E66}.Release|Any CPU.Build.0 = Release|Any CPU
		{E1F1423D-0F88-4DAE-B10F-0B064684C749}.Debug|Any CPU.ActiveCfg = Debug|Any CPU
		{E1F1423D-0F88-4DAE-B10F-0B064684C749}.Debug|Any CPU.Build.0 = Debug|Any CPU
		{E1F1423D-0F88-4DAE-B10F-0B064684C749}.Release|Any CPU.ActiveCfg = Release|Any CPU
		{E1F1423D-0F88-4DAE-B10F-0B064684C749}.Release|Any CPU.Build.0 = Release|Any CPU
		{89DCFDB8-7C1E-4836-AA58-227F6E0B888C}.Debug|Any CPU.ActiveCfg = Debug|Any CPU
		{89DCFDB8-7C1E-4836-AA58-227F6E0B888C}.Debug|Any CPU.Build.0 = Debug|Any CPU
		{89DCFDB8-7C1E-4836-AA58-227F6E0B888C}.Release|Any CPU.ActiveCfg = Release|Any CPU
		{89DCFDB8-7C1E-4836-AA58-227F6E0B888C}.Release|Any CPU.Build.0 = Release|Any CPU
		{7B40B74E-C99B-4271-AAA8-3DAEED6A5A9C}.Debug|Any CPU.ActiveCfg = Debug|Any CPU
		{7B40B74E-C99B-4271-AAA8-3DAEED6A5A9C}.Debug|Any CPU.Build.0 = Debug|Any CPU
		{7B40B74E-C99B-4271-AAA8-3DAEED6A5A9C}.Release|Any CPU.ActiveCfg = Release|Any CPU
		{7B40B74E-C99B-4271-AAA8-3DAEED6A5A9C}.Release|Any CPU.Build.0 = Release|Any CPU
		{BC8D0A67-14EC-4346-9BF9-63616BA49A8A}.Debug|Any CPU.ActiveCfg = Debug|Any CPU
		{BC8D0A67-14EC-4346-9BF9-63616BA49A8A}.Debug|Any CPU.Build.0 = Debug|Any CPU
		{BC8D0A67-14EC-4346-9BF9-63616BA49A8A}.Release|Any CPU.ActiveCfg = Release|Any CPU
		{BC8D0A67-14EC-4346-9BF9-63616BA49A8A}.Release|Any CPU.Build.0 = Release|Any CPU
		{05D4B344-DB6F-456C-BDE2-80FFC5016EEC}.Debug|Any CPU.ActiveCfg = Debug|Any CPU
		{05D4B344-DB6F-456C-BDE2-80FFC5016EEC}.Debug|Any CPU.Build.0 = Debug|Any CPU
		{05D4B344-DB6F-456C-BDE2-80FFC5016EEC}.Release|Any CPU.ActiveCfg = Release|Any CPU
		{05D4B344-DB6F-456C-BDE2-80FFC5016EEC}.Release|Any CPU.Build.0 = Release|Any CPU
		{EFEAD27B-AC71-4CBB-BA8F-8DA2D04E55AA}.Debug|Any CPU.ActiveCfg = Debug|Any CPU
		{EFEAD27B-AC71-4CBB-BA8F-8DA2D04E55AA}.Debug|Any CPU.Build.0 = Debug|Any CPU
		{EFEAD27B-AC71-4CBB-BA8F-8DA2D04E55AA}.Release|Any CPU.ActiveCfg = Release|Any CPU
		{EFEAD27B-AC71-4CBB-BA8F-8DA2D04E55AA}.Release|Any CPU.Build.0 = Release|Any CPU
		{D39FDF3F-859A-48DF-BFD7-E2447005D076}.Debug|Any CPU.ActiveCfg = Debug|Any CPU
		{D39FDF3F-859A-48DF-BFD7-E2447005D076}.Debug|Any CPU.Build.0 = Debug|Any CPU
		{D39FDF3F-859A-48DF-BFD7-E2447005D076}.Release|Any CPU.ActiveCfg = Release|Any CPU
		{D39FDF3F-859A-48DF-BFD7-E2447005D076}.Release|Any CPU.Build.0 = Release|Any CPU
	EndGlobalSection
	GlobalSection(NestedProjects) = preSolution
		{3A0B05DD-A443-4C9E-A585-E86E11E49B15} = {4F03C436-03D0-4641-AD45-A4777D3EF77A}
		{9EE36DBE-CCE5-454E-8526-34DB1167961D} = {4F03C436-03D0-4641-AD45-A4777D3EF77A}
		{A7F9D3CC-2139-410B-AF3A-44F056F43317} = {4F03C436-03D0-4641-AD45-A4777D3EF77A}
		{950FBFAD-66A1-4C85-9FE5-66C601BF2531} = {4B421E02-34B5-466E-8CCE-9AF3AF4CA6FE}
		{6CB0BA19-0204-4EDF-92A9-C28A79599EF3} = {950FBFAD-66A1-4C85-9FE5-66C601BF2531}
		{65112546-EDD7-422E-AF63-9131FA2C8BE9} = {950FBFAD-66A1-4C85-9FE5-66C601BF2531}
		{0F1F1926-F8ED-4DCF-AB01-F515364ED73C} = {950FBFAD-66A1-4C85-9FE5-66C601BF2531}
		{1CB90ABA-A92B-440D-A8BC-1CB2F71A43F5} = {950FBFAD-66A1-4C85-9FE5-66C601BF2531}
		{2570FFEF-D026-49B6-897A-F2B62238C1D0} = {4B421E02-34B5-466E-8CCE-9AF3AF4CA6FE}
		{2D4A1DE2-56B1-4860-B64B-6847CF113107} = {2570FFEF-D026-49B6-897A-F2B62238C1D0}
		{7A080545-691B-4574-9102-D10383B00494} = {2570FFEF-D026-49B6-897A-F2B62238C1D0}
		{F7CFDB95-F8AA-4827-A09A-F914AB169E98} = {2570FFEF-D026-49B6-897A-F2B62238C1D0}
		{2B73D573-49C4-4B2A-A2D1-2EE36B4135D4} = {2570FFEF-D026-49B6-897A-F2B62238C1D0}
		{9849EA1D-09D3-471E-93E3-71AA97826126} = {4B421E02-34B5-466E-8CCE-9AF3AF4CA6FE}
		{8FE40639-EAE8-47E8-A784-C8EC8F08BED7} = {9849EA1D-09D3-471E-93E3-71AA97826126}
		{3FD786BA-4083-4398-BECE-96A8311FD22F} = {9849EA1D-09D3-471E-93E3-71AA97826126}
		{42443A64-856F-4CA0-95AE-50C8455AACE0} = {9849EA1D-09D3-471E-93E3-71AA97826126}
		{CF5AB9EA-C804-48AE-AA91-F42FE49FB6C2} = {9849EA1D-09D3-471E-93E3-71AA97826126}
		{BDE6494D-DBB5-4E76-A384-ED7F8F2E7FEA} = {4B421E02-34B5-466E-8CCE-9AF3AF4CA6FE}
		{1D2630FF-9E08-47A3-B335-A63940E7A30F} = {BDE6494D-DBB5-4E76-A384-ED7F8F2E7FEA}
		{20ACF0AF-C3A5-4DAF-88B5-0FC4E0C65E66} = {BDE6494D-DBB5-4E76-A384-ED7F8F2E7FEA}
		{E1F1423D-0F88-4DAE-B10F-0B064684C749} = {BDE6494D-DBB5-4E76-A384-ED7F8F2E7FEA}
		{89DCFDB8-7C1E-4836-AA58-227F6E0B888C} = {BDE6494D-DBB5-4E76-A384-ED7F8F2E7FEA}
		{1DBA8BE3-55EC-4097-839B-7688F6E37792} = {4B421E02-34B5-466E-8CCE-9AF3AF4CA6FE}
		{7B40B74E-C99B-4271-AAA8-3DAEED6A5A9C} = {1DBA8BE3-55EC-4097-839B-7688F6E37792}
		{BC8D0A67-14EC-4346-9BF9-63616BA49A8A} = {1DBA8BE3-55EC-4097-839B-7688F6E37792}
		{05D4B344-DB6F-456C-BDE2-80FFC5016EEC} = {1DBA8BE3-55EC-4097-839B-7688F6E37792}
		{EFEAD27B-AC71-4CBB-BA8F-8DA2D04E55AA} = {1DBA8BE3-55EC-4097-839B-7688F6E37792}
		{D39FDF3F-859A-48DF-BFD7-E2447005D076} = {4F03C436-03D0-4641-AD45-A4777D3EF77A}
	EndGlobalSection
EndGlobal
