
Microsoft Visual Studio Solution File, Format Version 12.00
# Visual Studio Version 17
VisualStudioVersion = 17.0.31903.59
MinimumVisualStudioVersion = 10.0.40219.1
Project("{2150E333-8FDC-42A3-9474-1A3956D46DE8}") = "Shared", "Shared", "{4F03C436-03D0-4641-AD45-A4777D3EF77A}"
EndProject
Project("{2150E333-8FDC-42A3-9474-1A3956D46DE8}") = "services", "services", "{4B421E02-34B5-466E-8CCE-9AF3AF4CA6FE}"
EndProject
Project("{2150E333-8FDC-42A3-9474-1A3956D46DE8}") = "UserService", "UserService", "{950FBFAD-66A1-4C85-9FE5-66C601BF2531}"
EndProject
Project("{FAE04EC0-301F-11D3-BF4B-00C04F79EFBC}") = "UserService.Application", "services\UserService\UserService.Application\UserService.Application.csproj", "{6CB0BA19-0204-4EDF-92A9-C28A79599EF3}"
EndProject
Project("{FAE04EC0-301F-11D3-BF4B-00C04F79EFBC}") = "UserService.Domain", "services\UserService\UserService.Domain\UserService.Domain.csproj", "{65112546-EDD7-422E-AF63-9131FA2C8BE9}"
EndProject
Project("{FAE04EC0-301F-11D3-BF4B-00C04F79EFBC}") = "UserService.Infrastructure", "services\UserService\UserService.Infrastructure\UserService.Infrastructure.csproj", "{0F1F1926-F8ED-4DCF-AB01-F515364ED73C}"
EndProject
Project("{FAE04EC0-301F-11D3-BF4B-00C04F79EFBC}") = "UserService.API", "services\UserService\UserService.API\UserService.API.csproj", "{1CB90ABA-A92B-440D-A8BC-1CB2F71A43F5}"
EndProject
Project("{2150E333-8FDC-42A3-9474-1A3956D46DE8}") = "CategoryService", "CategoryService", "{2570FFEF-D026-49B6-897A-F2B62238C1D0}"
EndProject
Project("{FAE04EC0-301F-11D3-BF4B-00C04F79EFBC}") = "CategoryService.API", "services\CategoryService\CategoryService.API\CategoryService.API.csproj", "{2D4A1DE2-56B1-4860-B64B-6847CF113107}"
EndProject
Project("{FAE04EC0-301F-11D3-BF4B-00C04F79EFBC}") = "CategoryService.Application", "services\CategoryService\CategoryService.Application\CategoryService.Application.csproj", "{7A080545-691B-4574-9102-D10383B00494}"
EndProject
Project("{FAE04EC0-301F-11D3-BF4B-00C04F79EFBC}") = "CategoryService.Domain", "services\CategoryService\CategoryService.Domain\CategoryService.Domain.csproj", "{F7CFDB95-F8AA-4827-A09A-F914AB169E98}"
EndProject
Project("{FAE04EC0-301F-11D3-BF4B-00C04F79EFBC}") = "CategoryService.Infrastructure", "services\CategoryService\CategoryService.Infrastructure\CategoryService.Infrastructure.csproj", "{2B73D573-49C4-4B2A-A2D1-2EE36B4135D4}"
EndProject
Project("{2150E333-8FDC-42A3-9474-1A3956D46DE8}") = "OrderService", "OrderService", "{9849EA1D-09D3-471E-93E3-71AA97826126}"
EndProject
Project("{FAE04EC0-301F-11D3-BF4B-00C04F79EFBC}") = "OrderService.API", "services\OrderService\OrderService.API\OrderService.API.csproj", "{8FE40639-EAE8-47E8-A784-C8EC8F08BED7}"
EndProject
Project("{FAE04EC0-301F-11D3-BF4B-00C04F79EFBC}") = "OrderService.Application", "services\OrderService\OrderService.Application\OrderService.Application.csproj", "{3FD786BA-4083-4398-BECE-96A8311FD22F}"
EndProject
Project("{FAE04EC0-301F-11D3-BF4B-00C04F79EFBC}") = "OrderService.Domain", "services\OrderService\OrderService.Domain\OrderService.Domain.csproj", "{42443A64-856F-4CA0-95AE-50C8455AACE0}"
EndProject
Project("{FAE04EC0-301F-11D3-BF4B-00C04F79EFBC}") = "OrderService.Infrastructure", "services\OrderService\OrderService.Infrastructure\OrderService.Infrastructure.csproj", "{CF5AB9EA-C804-48AE-AA91-F42FE49FB6C2}"
EndProject
Project("{2150E333-8FDC-42A3-9474-1A3956D46DE8}") = "RentalService", "RentalService", "{BDE6494D-DBB5-4E76-A384-ED7F8F2E7FEA}"
EndProject
Project("{FAE04EC0-301F-11D3-BF4B-00C04F79EFBC}") = "RentalService.API", "services\RentalService\RentalService.API\RentalService.API.csproj", "{1D2630FF-9E08-47A3-B335-A63940E7A30F}"
EndProject
Project("{FAE04EC0-301F-11D3-BF4B-00C04F79EFBC}") = "RentalService.Application", "services\RentalService\RentalService.Application\RentalService.Application.csproj", "{20ACF0AF-C3A5-4DAF-88B5-0FC4E0C65E66}"
EndProject
Project("{FAE04EC0-301F-11D3-BF4B-00C04F79EFBC}") = "RentalService.Domain", "services\RentalService\RentalService.Domain\RentalService.Domain.csproj", "{E1F1423D-0F88-4DAE-B10F-0B064684C749}"
EndProject
Project("{FAE04EC0-301F-11D3-BF4B-00C04F79EFBC}") = "RentalService.Infrastructure", "services\RentalService\RentalService.Infrastructure\RentalService.Infrastructure.csproj", "{89DCFDB8-7C1E-4836-AA58-227F6E0B888C}"
EndProject
Project("{2150E333-8FDC-42A3-9474-1A3956D46DE8}") = "ProductService", "ProductService", "{1DBA8BE3-55EC-4097-839B-7688F6E37792}"
EndProject
Project("{FAE04EC0-301F-11D3-BF4B-00C04F79EFBC}") = "ProductService.API", "services\ProductService\ProductService.API\ProductService.API.csproj", "{7B40B74E-C99B-4271-AAA8-3DAEED6A5A9C}"
EndProject
Project("{FAE04EC0-301F-11D3-BF4B-00C04F79EFBC}") = "ProductService.Application", "services\ProductService\ProductService.Application\ProductService.Application.csproj", "{BC8D0A67-14EC-4346-9BF9-63616BA49A8A}"
EndProject
Project("{FAE04EC0-301F-11D3-BF4B-00C04F79EFBC}") = "ProductService.Domain", "services\ProductService\ProductService.Domain\ProductService.Domain.csproj", "{05D4B344-DB6F-456C-BDE2-80FFC5016EEC}"
EndProject
Project("{FAE04EC0-301F-11D3-BF4B-00C04F79EFBC}") = "ProductService.Infrastructure", "services\ProductService\ProductService.Infrastructure\ProductService.Infrastructure.csproj", "{EFEAD27B-AC71-4CBB-BA8F-8DA2D04E55AA}"
EndProject
Project("{FAE04EC0-301F-11D3-BF4B-00C04F79EFBC}") = "Shared", "Shared\Shared.csproj", "{D39FDF3F-859A-48DF-BFD7-E2447005D076}"
EndProject
Project("{2150E333-8FDC-42A3-9474-1A3956D46DE8}") = "MediaService", "MediaService", "{DC7C0A7A-CE14-49BB-8EEC-60817A724921}"
EndProject
Project("{FAE04EC0-301F-11D3-BF4B-00C04F79EFBC}") = "MediaService.API", "Services\MediaService\MediaService.API\MediaService.API.csproj", "{68AA0A9F-DF71-49E0-B1DE-FB1A36C3BE8E}"
EndProject
Project("{FAE04EC0-301F-11D3-BF4B-00C04F79EFBC}") = "MediaService.Application", "Services\MediaService\MediaService.Application\MediaService.Application.csproj", "{2EA34EAE-9E40-4C6D-867C-388CD73AC44D}"
EndProject
Project("{FAE04EC0-301F-11D3-BF4B-00C04F79EFBC}") = "MediaService.Domain", "Services\MediaService\MediaService.Domain\MediaService.Domain.csproj", "{9C663A87-FC7C-4B91-89FB-94E045EC1A87}"
EndProject
Project("{FAE04EC0-301F-11D3-BF4B-00C04F79EFBC}") = "MediaService.Infrastructure", "Services\MediaService\MediaService.Infrastructure\MediaService.Infrastructure.csproj", "{F5EC864F-3259-4B31-A718-6E2BF66A9A7B}"
EndProject
Project("{2150E333-8FDC-42A3-9474-1A3956D46DE8}") = "CustomerService", "CustomerService", "{D92DEAF8-223C-427C-B706-4F559CBC499A}"
EndProject
Project("{FAE04EC0-301F-11D3-BF4B-00C04F79EFBC}") = "CustomerService.API", "Services\CustomerService\CustomerService.API\CustomerService.API.csproj", "{8BDBEDD5-69C0-4C5B-981C-2F2B8162D1C7}"
EndProject
Project("{FAE04EC0-301F-11D3-BF4B-00C04F79EFBC}") = "CustomerService.Application", "Services\CustomerService\CustomerService.Application\CustomerService.Application.csproj", "{88BC1117-EB93-4DE5-8B27-16129F509C90}"
EndProject
Project("{FAE04EC0-301F-11D3-BF4B-00C04F79EFBC}") = "CustomerService.Domain", "Services\CustomerService\CustomerService.Domain\CustomerService.Domain.csproj", "{A0BFB5BB-E265-47E8-8C71-56975EB834BD}"
EndProject
Project("{FAE04EC0-301F-11D3-BF4B-00C04F79EFBC}") = "CustomerService.Infrastructure", "Services\CustomerService\CustomerService.Infrastructure\CustomerService.Infrastructure.csproj", "{4B0B1422-6A08-4B10-9B65-085DC2420A39}"
EndProject
Project("{FAE04EC0-301F-11D3-BF4B-00C04F79EFBC}") = "CustomerService.Contracts", "Services\CustomerService\CustomerService.Contracts\CustomerService.Contracts.csproj", "{880A96DC-E667-453B-B6E5-490979991FBF}"
EndProject
Project("{FAE04EC0-301F-11D3-BF4B-00C04F79EFBC}") = "CategoryService.Contracts", "Services\CategoryService\CategoryService.Contracts\CategoryService.Contracts.csproj", "{C31786F2-C400-4703-8573-1676C1E4D301}"
EndProject
Project("{FAE04EC0-301F-11D3-BF4B-00C04F79EFBC}") = "RentalService.Contracts", "Services\RentalService\RentalService.Contracts\RentalService.Contracts.csproj", "{7014A9C6-E89C-4DCC-B51C-A3C1B8CFCF81}"
EndProject
Project("{FAE04EC0-301F-11D3-BF4B-00C04F79EFBC}") = "ProductService.Contracts", "Services\ProductService\ProductService.Contracts\ProductService.Contracts.csproj", "{3F16C95C-491D-46AC-8324-BE70B1225981}"
EndProject
Project("{FAE04EC0-301F-11D3-BF4B-00C04F79EFBC}") = "MediaService.Contracts", "Services\MediaService\MediaService.Contracts\MediaService.Contracts.csproj", "{8100EFF2-8765-421B-8BF4-9FD2DC0BE0BC}"
EndProject
Project("{2150E333-8FDC-42A3-9474-1A3956D46DE8}") = "NotificationService", "NotificationService", "{F91ABBA0-FCF0-42CA-B269-FAC35EB2ACB0}"
EndProject
Global
	GlobalSection(SolutionConfigurationPlatforms) = preSolution
		Debug|Any CPU = Debug|Any CPU
		Release|Any CPU = Release|Any CPU
	EndGlobalSection
	GlobalSection(SolutionProperties) = preSolution
		HideSolutionNode = FALSE
	EndGlobalSection
	GlobalSection(ProjectConfigurationPlatforms) = postSolution
		{6CB0BA19-0204-4EDF-92A9-C28A79599EF3}.Debug|Any CPU.ActiveCfg = Debug|Any CPU
		{6CB0BA19-0204-4EDF-92A9-C28A79599EF3}.Debug|Any CPU.Build.0 = Debug|Any CPU
		{6CB0BA19-0204-4EDF-92A9-C28A79599EF3}.Release|Any CPU.ActiveCfg = Release|Any CPU
		{6CB0BA19-0204-4EDF-92A9-C28A79599EF3}.Release|Any CPU.Build.0 = Release|Any CPU
		{65112546-EDD7-422E-AF63-9131FA2C8BE9}.Debug|Any CPU.ActiveCfg = Debug|Any CPU
		{65112546-EDD7-422E-AF63-9131FA2C8BE9}.Debug|Any CPU.Build.0 = Debug|Any CPU
		{65112546-EDD7-422E-AF63-9131FA2C8BE9}.Release|Any CPU.ActiveCfg = Release|Any CPU
		{65112546-EDD7-422E-AF63-9131FA2C8BE9}.Release|Any CPU.Build.0 = Release|Any CPU
		{0F1F1926-F8ED-4DCF-AB01-F515364ED73C}.Debug|Any CPU.ActiveCfg = Debug|Any CPU
		{0F1F1926-F8ED-4DCF-AB01-F515364ED73C}.Debug|Any CPU.Build.0 = Debug|Any CPU
		{0F1F1926-F8ED-4DCF-AB01-F515364ED73C}.Release|Any CPU.ActiveCfg = Release|Any CPU
		{0F1F1926-F8ED-4DCF-AB01-F515364ED73C}.Release|Any CPU.Build.0 = Release|Any CPU
		{1CB90ABA-A92B-440D-A8BC-1CB2F71A43F5}.Debug|Any CPU.ActiveCfg = Debug|Any CPU
		{1CB90ABA-A92B-440D-A8BC-1CB2F71A43F5}.Debug|Any CPU.Build.0 = Debug|Any CPU
		{1CB90ABA-A92B-440D-A8BC-1CB2F71A43F5}.Release|Any CPU.ActiveCfg = Release|Any CPU
		{1CB90ABA-A92B-440D-A8BC-1CB2F71A43F5}.Release|Any CPU.Build.0 = Release|Any CPU
		{2D4A1DE2-56B1-4860-B64B-6847CF113107}.Debug|Any CPU.ActiveCfg = Debug|Any CPU
		{2D4A1DE2-56B1-4860-B64B-6847CF113107}.Debug|Any CPU.Build.0 = Debug|Any CPU
		{2D4A1DE2-56B1-4860-B64B-6847CF113107}.Release|Any CPU.ActiveCfg = Release|Any CPU
		{2D4A1DE2-56B1-4860-B64B-6847CF113107}.Release|Any CPU.Build.0 = Release|Any CPU
		{7A080545-691B-4574-9102-D10383B00494}.Debug|Any CPU.ActiveCfg = Debug|Any CPU
		{7A080545-691B-4574-9102-D10383B00494}.Debug|Any CPU.Build.0 = Debug|Any CPU
		{7A080545-691B-4574-9102-D10383B00494}.Release|Any CPU.ActiveCfg = Release|Any CPU
		{7A080545-691B-4574-9102-D10383B00494}.Release|Any CPU.Build.0 = Release|Any CPU
		{F7CFDB95-F8AA-4827-A09A-F914AB169E98}.Debug|Any CPU.ActiveCfg = Debug|Any CPU
		{F7CFDB95-F8AA-4827-A09A-F914AB169E98}.Debug|Any CPU.Build.0 = Debug|Any CPU
		{F7CFDB95-F8AA-4827-A09A-F914AB169E98}.Release|Any CPU.ActiveCfg = Release|Any CPU
		{F7CFDB95-F8AA-4827-A09A-F914AB169E98}.Release|Any CPU.Build.0 = Release|Any CPU
		{2B73D573-49C4-4B2A-A2D1-2EE36B4135D4}.Debug|Any CPU.ActiveCfg = Debug|Any CPU
		{2B73D573-49C4-4B2A-A2D1-2EE36B4135D4}.Debug|Any CPU.Build.0 = Debug|Any CPU
		{2B73D573-49C4-4B2A-A2D1-2EE36B4135D4}.Release|Any CPU.ActiveCfg = Release|Any CPU
		{2B73D573-49C4-4B2A-A2D1-2EE36B4135D4}.Release|Any CPU.Build.0 = Release|Any CPU
		{8FE40639-EAE8-47E8-A784-C8EC8F08BED7}.Debug|Any CPU.ActiveCfg = Debug|Any CPU
		{8FE40639-EAE8-47E8-A784-C8EC8F08BED7}.Debug|Any CPU.Build.0 = Debug|Any CPU
		{8FE40639-EAE8-47E8-A784-C8EC8F08BED7}.Release|Any CPU.ActiveCfg = Release|Any CPU
		{8FE40639-EAE8-47E8-A784-C8EC8F08BED7}.Release|Any CPU.Build.0 = Release|Any CPU
		{3FD786BA-4083-4398-BECE-96A8311FD22F}.Debug|Any CPU.ActiveCfg = Debug|Any CPU
		{3FD786BA-4083-4398-BECE-96A8311FD22F}.Debug|Any CPU.Build.0 = Debug|Any CPU
		{3FD786BA-4083-4398-BECE-96A8311FD22F}.Release|Any CPU.ActiveCfg = Release|Any CPU
		{3FD786BA-4083-4398-BECE-96A8311FD22F}.Release|Any CPU.Build.0 = Release|Any CPU
		{42443A64-856F-4CA0-95AE-50C8455AACE0}.Debug|Any CPU.ActiveCfg = Debug|Any CPU
		{42443A64-856F-4CA0-95AE-50C8455AACE0}.Debug|Any CPU.Build.0 = Debug|Any CPU
		{42443A64-856F-4CA0-95AE-50C8455AACE0}.Release|Any CPU.ActiveCfg = Release|Any CPU
		{42443A64-856F-4CA0-95AE-50C8455AACE0}.Release|Any CPU.Build.0 = Release|Any CPU
		{CF5AB9EA-C804-48AE-AA91-F42FE49FB6C2}.Debug|Any CPU.ActiveCfg = Debug|Any CPU
		{CF5AB9EA-C804-48AE-AA91-F42FE49FB6C2}.Debug|Any CPU.Build.0 = Debug|Any CPU
		{CF5AB9EA-C804-48AE-AA91-F42FE49FB6C2}.Release|Any CPU.ActiveCfg = Release|Any CPU
		{CF5AB9EA-C804-48AE-AA91-F42FE49FB6C2}.Release|Any CPU.Build.0 = Release|Any CPU
		{1D2630FF-9E08-47A3-B335-A63940E7A30F}.Debug|Any CPU.ActiveCfg = Debug|Any CPU
		{1D2630FF-9E08-47A3-B335-A63940E7A30F}.Debug|Any CPU.Build.0 = Debug|Any CPU
		{1D2630FF-9E08-47A3-B335-A63940E7A30F}.Release|Any CPU.ActiveCfg = Release|Any CPU
		{1D2630FF-9E08-47A3-B335-A63940E7A30F}.Release|Any CPU.Build.0 = Release|Any CPU
		{20ACF0AF-C3A5-4DAF-88B5-0FC4E0C65E66}.Debug|Any CPU.ActiveCfg = Debug|Any CPU
		{20ACF0AF-C3A5-4DAF-88B5-0FC4E0C65E66}.Debug|Any CPU.Build.0 = Debug|Any CPU
		{20ACF0AF-C3A5-4DAF-88B5-0FC4E0C65E66}.Release|Any CPU.ActiveCfg = Release|Any CPU
		{20ACF0AF-C3A5-4DAF-88B5-0FC4E0C65E66}.Release|Any CPU.Build.0 = Release|Any CPU
		{E1F1423D-0F88-4DAE-B10F-0B064684C749}.Debug|Any CPU.ActiveCfg = Debug|Any CPU
		{E1F1423D-0F88-4DAE-B10F-0B064684C749}.Debug|Any CPU.Build.0 = Debug|Any CPU
		{E1F1423D-0F88-4DAE-B10F-0B064684C749}.Release|Any CPU.ActiveCfg = Release|Any CPU
		{E1F1423D-0F88-4DAE-B10F-0B064684C749}.Release|Any CPU.Build.0 = Release|Any CPU
		{89DCFDB8-7C1E-4836-AA58-227F6E0B888C}.Debug|Any CPU.ActiveCfg = Debug|Any CPU
		{89DCFDB8-7C1E-4836-AA58-227F6E0B888C}.Debug|Any CPU.Build.0 = Debug|Any CPU
		{89DCFDB8-7C1E-4836-AA58-227F6E0B888C}.Release|Any CPU.ActiveCfg = Release|Any CPU
		{89DCFDB8-7C1E-4836-AA58-227F6E0B888C}.Release|Any CPU.Build.0 = Release|Any CPU
		{7B40B74E-C99B-4271-AAA8-3DAEED6A5A9C}.Debug|Any CPU.ActiveCfg = Debug|Any CPU
		{7B40B74E-C99B-4271-AAA8-3DAEED6A5A9C}.Debug|Any CPU.Build.0 = Debug|Any CPU
		{7B40B74E-C99B-4271-AAA8-3DAEED6A5A9C}.Release|Any CPU.ActiveCfg = Release|Any CPU
		{7B40B74E-C99B-4271-AAA8-3DAEED6A5A9C}.Release|Any CPU.Build.0 = Release|Any CPU
		{BC8D0A67-14EC-4346-9BF9-63616BA49A8A}.Debug|Any CPU.ActiveCfg = Debug|Any CPU
		{BC8D0A67-14EC-4346-9BF9-63616BA49A8A}.Debug|Any CPU.Build.0 = Debug|Any CPU
		{BC8D0A67-14EC-4346-9BF9-63616BA49A8A}.Release|Any CPU.ActiveCfg = Release|Any CPU
		{BC8D0A67-14EC-4346-9BF9-63616BA49A8A}.Release|Any CPU.Build.0 = Release|Any CPU
		{05D4B344-DB6F-456C-BDE2-80FFC5016EEC}.Debug|Any CPU.ActiveCfg = Debug|Any CPU
		{05D4B344-DB6F-456C-BDE2-80FFC5016EEC}.Debug|Any CPU.Build.0 = Debug|Any CPU
		{05D4B344-DB6F-456C-BDE2-80FFC5016EEC}.Release|Any CPU.ActiveCfg = Release|Any CPU
		{05D4B344-DB6F-456C-BDE2-80FFC5016EEC}.Release|Any CPU.Build.0 = Release|Any CPU
		{EFEAD27B-AC71-4CBB-BA8F-8DA2D04E55AA}.Debug|Any CPU.ActiveCfg = Debug|Any CPU
		{EFEAD27B-AC71-4CBB-BA8F-8DA2D04E55AA}.Debug|Any CPU.Build.0 = Debug|Any CPU
		{EFEAD27B-AC71-4CBB-BA8F-8DA2D04E55AA}.Release|Any CPU.ActiveCfg = Release|Any CPU
		{EFEAD27B-AC71-4CBB-BA8F-8DA2D04E55AA}.Release|Any CPU.Build.0 = Release|Any CPU
		{D39FDF3F-859A-48DF-BFD7-E2447005D076}.Debug|Any CPU.ActiveCfg = Debug|Any CPU
		{D39FDF3F-859A-48DF-BFD7-E2447005D076}.Debug|Any CPU.Build.0 = Debug|Any CPU
		{D39FDF3F-859A-48DF-BFD7-E2447005D076}.Release|Any CPU.ActiveCfg = Release|Any CPU
		{D39FDF3F-859A-48DF-BFD7-E2447005D076}.Release|Any CPU.Build.0 = Release|Any CPU
		{68AA0A9F-DF71-49E0-B1DE-FB1A36C3BE8E}.Debug|Any CPU.ActiveCfg = Debug|Any CPU
		{68AA0A9F-DF71-49E0-B1DE-FB1A36C3BE8E}.Debug|Any CPU.Build.0 = Debug|Any CPU
		{68AA0A9F-DF71-49E0-B1DE-FB1A36C3BE8E}.Release|Any CPU.ActiveCfg = Release|Any CPU
		{68AA0A9F-DF71-49E0-B1DE-FB1A36C3BE8E}.Release|Any CPU.Build.0 = Release|Any CPU
		{2EA34EAE-9E40-4C6D-867C-388CD73AC44D}.Debug|Any CPU.ActiveCfg = Debug|Any CPU
		{2EA34EAE-9E40-4C6D-867C-388CD73AC44D}.Debug|Any CPU.Build.0 = Debug|Any CPU
		{2EA34EAE-9E40-4C6D-867C-388CD73AC44D}.Release|Any CPU.ActiveCfg = Release|Any CPU
		{2EA34EAE-9E40-4C6D-867C-388CD73AC44D}.Release|Any CPU.Build.0 = Release|Any CPU
		{9C663A87-FC7C-4B91-89FB-94E045EC1A87}.Debug|Any CPU.ActiveCfg = Debug|Any CPU
		{9C663A87-FC7C-4B91-89FB-94E045EC1A87}.Debug|Any CPU.Build.0 = Debug|Any CPU
		{9C663A87-FC7C-4B91-89FB-94E045EC1A87}.Release|Any CPU.ActiveCfg = Release|Any CPU
		{9C663A87-FC7C-4B91-89FB-94E045EC1A87}.Release|Any CPU.Build.0 = Release|Any CPU
		{F5EC864F-3259-4B31-A718-6E2BF66A9A7B}.Debug|Any CPU.ActiveCfg = Debug|Any CPU
		{F5EC864F-3259-4B31-A718-6E2BF66A9A7B}.Debug|Any CPU.Build.0 = Debug|Any CPU
		{F5EC864F-3259-4B31-A718-6E2BF66A9A7B}.Release|Any CPU.ActiveCfg = Release|Any CPU
		{F5EC864F-3259-4B31-A718-6E2BF66A9A7B}.Release|Any CPU.Build.0 = Release|Any CPU
		{8BDBEDD5-69C0-4C5B-981C-2F2B8162D1C7}.Debug|Any CPU.ActiveCfg = Debug|Any CPU
		{8BDBEDD5-69C0-4C5B-981C-2F2B8162D1C7}.Debug|Any CPU.Build.0 = Debug|Any CPU
		{8BDBEDD5-69C0-4C5B-981C-2F2B8162D1C7}.Release|Any CPU.ActiveCfg = Release|Any CPU
		{8BDBEDD5-69C0-4C5B-981C-2F2B8162D1C7}.Release|Any CPU.Build.0 = Release|Any CPU
		{88BC1117-EB93-4DE5-8B27-16129F509C90}.Debug|Any CPU.ActiveCfg = Debug|Any CPU
		{88BC1117-EB93-4DE5-8B27-16129F509C90}.Debug|Any CPU.Build.0 = Debug|Any CPU
		{88BC1117-EB93-4DE5-8B27-16129F509C90}.Release|Any CPU.ActiveCfg = Release|Any CPU
		{88BC1117-EB93-4DE5-8B27-16129F509C90}.Release|Any CPU.Build.0 = Release|Any CPU
		{A0BFB5BB-E265-47E8-8C71-56975EB834BD}.Debug|Any CPU.ActiveCfg = Debug|Any CPU
		{A0BFB5BB-E265-47E8-8C71-56975EB834BD}.Debug|Any CPU.Build.0 = Debug|Any CPU
		{A0BFB5BB-E265-47E8-8C71-56975EB834BD}.Release|Any CPU.ActiveCfg = Release|Any CPU
		{A0BFB5BB-E265-47E8-8C71-56975EB834BD}.Release|Any CPU.Build.0 = Release|Any CPU
		{4B0B1422-6A08-4B10-9B65-085DC2420A39}.Debug|Any CPU.ActiveCfg = Debug|Any CPU
		{4B0B1422-6A08-4B10-9B65-085DC2420A39}.Debug|Any CPU.Build.0 = Debug|Any CPU
		{4B0B1422-6A08-4B10-9B65-085DC2420A39}.Release|Any CPU.ActiveCfg = Release|Any CPU
		{4B0B1422-6A08-4B10-9B65-085DC2420A39}.Release|Any CPU.Build.0 = Release|Any CPU
		{880A96DC-E667-453B-B6E5-490979991FBF}.Debug|Any CPU.ActiveCfg = Debug|Any CPU
		{880A96DC-E667-453B-B6E5-490979991FBF}.Debug|Any CPU.Build.0 = Debug|Any CPU
		{880A96DC-E667-453B-B6E5-490979991FBF}.Release|Any CPU.ActiveCfg = Release|Any CPU
		{880A96DC-E667-453B-B6E5-490979991FBF}.Release|Any CPU.Build.0 = Release|Any CPU
		{C31786F2-C400-4703-8573-1676C1E4D301}.Debug|Any CPU.ActiveCfg = Debug|Any CPU
		{C31786F2-C400-4703-8573-1676C1E4D301}.Debug|Any CPU.Build.0 = Debug|Any CPU
		{C31786F2-C400-4703-8573-1676C1E4D301}.Release|Any CPU.ActiveCfg = Release|Any CPU
		{C31786F2-C400-4703-8573-1676C1E4D301}.Release|Any CPU.Build.0 = Release|Any CPU
		{7014A9C6-E89C-4DCC-B51C-A3C1B8CFCF81}.Debug|Any CPU.ActiveCfg = Debug|Any CPU
		{7014A9C6-E89C-4DCC-B51C-A3C1B8CFCF81}.Debug|Any CPU.Build.0 = Debug|Any CPU
		{7014A9C6-E89C-4DCC-B51C-A3C1B8CFCF81}.Release|Any CPU.ActiveCfg = Release|Any CPU
		{7014A9C6-E89C-4DCC-B51C-A3C1B8CFCF81}.Release|Any CPU.Build.0 = Release|Any CPU
		{3F16C95C-491D-46AC-8324-BE70B1225981}.Debug|Any CPU.ActiveCfg = Debug|Any CPU
		{3F16C95C-491D-46AC-8324-BE70B1225981}.Debug|Any CPU.Build.0 = Debug|Any CPU
		{3F16C95C-491D-46AC-8324-BE70B1225981}.Release|Any CPU.ActiveCfg = Release|Any CPU
		{3F16C95C-491D-46AC-8324-BE70B1225981}.Release|Any CPU.Build.0 = Release|Any CPU
		{8100EFF2-8765-421B-8BF4-9FD2DC0BE0BC}.Debug|Any CPU.ActiveCfg = Debug|Any CPU
		{8100EFF2-8765-421B-8BF4-9FD2DC0BE0BC}.Debug|Any CPU.Build.0 = Debug|Any CPU
		{8100EFF2-8765-421B-8BF4-9FD2DC0BE0BC}.Release|Any CPU.ActiveCfg = Release|Any CPU
		{8100EFF2-8765-421B-8BF4-9FD2DC0BE0BC}.Release|Any CPU.Build.0 = Release|Any CPU
	EndGlobalSection
	GlobalSection(NestedProjects) = preSolution
		{950FBFAD-66A1-4C85-9FE5-66C601BF2531} = {4B421E02-34B5-466E-8CCE-9AF3AF4CA6FE}
		{6CB0BA19-0204-4EDF-92A9-C28A79599EF3} = {950FBFAD-66A1-4C85-9FE5-66C601BF2531}
		{65112546-EDD7-422E-AF63-9131FA2C8BE9} = {950FBFAD-66A1-4C85-9FE5-66C601BF2531}
		{0F1F1926-F8ED-4DCF-AB01-F515364ED73C} = {950FBFAD-66A1-4C85-9FE5-66C601BF2531}
		{1CB90ABA-A92B-440D-A8BC-1CB2F71A43F5} = {950FBFAD-66A1-4C85-9FE5-66C601BF2531}
		{2570FFEF-D026-49B6-897A-F2B62238C1D0} = {4B421E02-34B5-466E-8CCE-9AF3AF4CA6FE}
		{2D4A1DE2-56B1-4860-B64B-6847CF113107} = {2570FFEF-D026-49B6-897A-F2B62238C1D0}
		{7A080545-691B-4574-9102-D10383B00494} = {2570FFEF-D026-49B6-897A-F2B62238C1D0}
		{F7CFDB95-F8AA-4827-A09A-F914AB169E98} = {2570FFEF-D026-49B6-897A-F2B62238C1D0}
		{2B73D573-49C4-4B2A-A2D1-2EE36B4135D4} = {2570FFEF-D026-49B6-897A-F2B62238C1D0}
		{9849EA1D-09D3-471E-93E3-71AA97826126} = {4B421E02-34B5-466E-8CCE-9AF3AF4CA6FE}
		{8FE40639-EAE8-47E8-A784-C8EC8F08BED7} = {9849EA1D-09D3-471E-93E3-71AA97826126}
		{3FD786BA-4083-4398-BECE-96A8311FD22F} = {9849EA1D-09D3-471E-93E3-71AA97826126}
		{42443A64-856F-4CA0-95AE-50C8455AACE0} = {9849EA1D-09D3-471E-93E3-71AA97826126}
		{CF5AB9EA-C804-48AE-AA91-F42FE49FB6C2} = {9849EA1D-09D3-471E-93E3-71AA97826126}
		{BDE6494D-DBB5-4E76-A384-ED7F8F2E7FEA} = {4B421E02-34B5-466E-8CCE-9AF3AF4CA6FE}
		{1D2630FF-9E08-47A3-B335-A63940E7A30F} = {BDE6494D-DBB5-4E76-A384-ED7F8F2E7FEA}
		{20ACF0AF-C3A5-4DAF-88B5-0FC4E0C65E66} = {BDE6494D-DBB5-4E76-A384-ED7F8F2E7FEA}
		{E1F1423D-0F88-4DAE-B10F-0B064684C749} = {BDE6494D-DBB5-4E76-A384-ED7F8F2E7FEA}
		{89DCFDB8-7C1E-4836-AA58-227F6E0B888C} = {BDE6494D-DBB5-4E76-A384-ED7F8F2E7FEA}
		{1DBA8BE3-55EC-4097-839B-7688F6E37792} = {4B421E02-34B5-466E-8CCE-9AF3AF4CA6FE}
		{7B40B74E-C99B-4271-AAA8-3DAEED6A5A9C} = {1DBA8BE3-55EC-4097-839B-7688F6E37792}
		{BC8D0A67-14EC-4346-9BF9-63616BA49A8A} = {1DBA8BE3-55EC-4097-839B-7688F6E37792}
		{05D4B344-DB6F-456C-BDE2-80FFC5016EEC} = {1DBA8BE3-55EC-4097-839B-7688F6E37792}
		{EFEAD27B-AC71-4CBB-BA8F-8DA2D04E55AA} = {1DBA8BE3-55EC-4097-839B-7688F6E37792}
		{D39FDF3F-859A-48DF-BFD7-E2447005D076} = {4F03C436-03D0-4641-AD45-A4777D3EF77A}
		{DC7C0A7A-CE14-49BB-8EEC-60817A724921} = {4B421E02-34B5-466E-8CCE-9AF3AF4CA6FE}
		{68AA0A9F-DF71-49E0-B1DE-FB1A36C3BE8E} = {DC7C0A7A-CE14-49BB-8EEC-60817A724921}
		{2EA34EAE-9E40-4C6D-867C-388CD73AC44D} = {DC7C0A7A-CE14-49BB-8EEC-60817A724921}
		{9C663A87-FC7C-4B91-89FB-94E045EC1A87} = {DC7C0A7A-CE14-49BB-8EEC-60817A724921}
		{F5EC864F-3259-4B31-A718-6E2BF66A9A7B} = {DC7C0A7A-CE14-49BB-8EEC-60817A724921}
		{D92DEAF8-223C-427C-B706-4F559CBC499A} = {4B421E02-34B5-466E-8CCE-9AF3AF4CA6FE}
		{8BDBEDD5-69C0-4C5B-981C-2F2B8162D1C7} = {D92DEAF8-223C-427C-B706-4F559CBC499A}
		{88BC1117-EB93-4DE5-8B27-16129F509C90} = {D92DEAF8-223C-427C-B706-4F559CBC499A}
		{A0BFB5BB-E265-47E8-8C71-56975EB834BD} = {D92DEAF8-223C-427C-B706-4F559CBC499A}
		{4B0B1422-6A08-4B10-9B65-085DC2420A39} = {D92DEAF8-223C-427C-B706-4F559CBC499A}
		{880A96DC-E667-453B-B6E5-490979991FBF} = {D92DEAF8-223C-427C-B706-4F559CBC499A}
		{C31786F2-C400-4703-8573-1676C1E4D301} = {2570FFEF-D026-49B6-897A-F2B62238C1D0}
		{7014A9C6-E89C-4DCC-B51C-A3C1B8CFCF81} = {BDE6494D-DBB5-4E76-A384-ED7F8F2E7FEA}
		{3F16C95C-491D-46AC-8324-BE70B1225981} = {1DBA8BE3-55EC-4097-839B-7688F6E37792}
		{8100EFF2-8765-421B-8BF4-9FD2DC0BE0BC} = {DC7C0A7A-CE14-49BB-8EEC-60817A724921}
		{F91ABBA0-FCF0-42CA-B269-FAC35EB2ACB0} = {4B421E02-34B5-466E-8CCE-9AF3AF4CA6FE}
	EndGlobalSection
EndGlobal
